
Microsoft Visual Studio Solution File, Format Version 12.00
# Visual Studio Version 16
VisualStudioVersion = 16.0.29215.179
MinimumVisualStudioVersion = 10.0.40219.1
Project("{FAE04EC0-301F-11D3-BF4B-00C04F79EFBC}") = "EscapeRankUI.iOS", "EscapeRankUI.iOS\EscapeRankUI.iOS.csproj", "{B2D326CE-9AE2-40E3-B891-1281385B3CD7}"
EndProject
Project("{FAE04EC0-301F-11D3-BF4B-00C04F79EFBC}") = "EscapeRankUI", "EscapeRankUI\EscapeRankUI.csproj", "{FD8CB3FB-D617-4B4A-8E7A-90228B6E380C}"
EndProject
Project("{FAE04EC0-301F-11D3-BF4B-00C04F79EFBC}") = "EscapeRankUI.Android", "EscapeRankUI.Android\EscapeRankUI.Android.csproj", "{9B821775-9350-4BFB-8389-E9A7638BE5CA}"
EndProject
Global
	GlobalSection(SolutionConfigurationPlatforms) = preSolution
		Debug|Any CPU = Debug|Any CPU
		Release|Any CPU = Release|Any CPU
		Debug|iPhoneSimulator = Debug|iPhoneSimulator
		Release|iPhoneSimulator = Release|iPhoneSimulator
		Debug|iPhone = Debug|iPhone
		Release|iPhone = Release|iPhone
	EndGlobalSection
	GlobalSection(ProjectConfigurationPlatforms) = postSolution
		{B2D326CE-9AE2-40E3-B891-1281385B3CD7}.Debug|Any CPU.ActiveCfg = Debug|iPhoneSimulator
		{B2D326CE-9AE2-40E3-B891-1281385B3CD7}.Release|Any CPU.ActiveCfg = Release|iPhone
		{B2D326CE-9AE2-40E3-B891-1281385B3CD7}.Debug|Any CPU.Build.0 = Debug|iPhoneSimulator
		{B2D326CE-9AE2-40E3-B891-1281385B3CD7}.Release|Any CPU.Build.0 = Release|iPhone
		{B2D326CE-9AE2-40E3-B891-1281385B3CD7}.Debug|iPhoneSimulator.ActiveCfg = Debug|iPhoneSimulator
		{B2D326CE-9AE2-40E3-B891-1281385B3CD7}.Debug|iPhoneSimulator.Build.0 = Debug|iPhoneSimulator
		{B2D326CE-9AE2-40E3-B891-1281385B3CD7}.Release|iPhoneSimulator.ActiveCfg = Release|iPhoneSimulator
		{B2D326CE-9AE2-40E3-B891-1281385B3CD7}.Release|iPhoneSimulator.Build.0 = Release|iPhoneSimulator
		{B2D326CE-9AE2-40E3-B891-1281385B3CD7}.Debug|iPhone.ActiveCfg = Debug|iPhone
		{B2D326CE-9AE2-40E3-B891-1281385B3CD7}.Debug|iPhone.Build.0 = Debug|iPhone
		{B2D326CE-9AE2-40E3-B891-1281385B3CD7}.Release|iPhone.ActiveCfg = Release|iPhone
		{B2D326CE-9AE2-40E3-B891-1281385B3CD7}.Release|iPhone.Build.0 = Release|iPhone
		{9B821775-9350-4BFB-8389-E9A7638BE5CA}.Debug|Any CPU.ActiveCfg = Debug|Any CPU
		{9B821775-9350-4BFB-8389-E9A7638BE5CA}.Release|Any CPU.ActiveCfg = Release|Any CPU
		{9B821775-9350-4BFB-8389-E9A7638BE5CA}.Debug|Any CPU.Build.0 = Debug|Any CPU
		{9B821775-9350-4BFB-8389-E9A7638BE5CA}.Release|Any CPU.Build.0 = Release|Any CPU
		{9B821775-9350-4BFB-8389-E9A7638BE5CA}.Debug|iPhoneSimulator.ActiveCfg = Debug|Any CPU
		{9B821775-9350-4BFB-8389-E9A7638BE5CA}.Release|iPhoneSimulator.ActiveCfg = Release|Any CPU
		{9B821775-9350-4BFB-8389-E9A7638BE5CA}.Debug|iPhone.ActiveCfg = Debug|Any CPU
		{9B821775-9350-4BFB-8389-E9A7638BE5CA}.Release|iPhone.ActiveCfg = Release|Any CPU
		{9B821775-9350-4BFB-8389-E9A7638BE5CA}.Release|iPhoneSimulator.Build.0 = Release|Any CPU
		{9B821775-9350-4BFB-8389-E9A7638BE5CA}.Debug|iPhone.Build.0 = Debug|Any CPU
		{9B821775-9350-4BFB-8389-E9A7638BE5CA}.Release|iPhone.Build.0 = Release|Any CPU
		{9B821775-9350-4BFB-8389-E9A7638BE5CA}.Debug|iPhoneSimulator.Build.0 = Debug|Any CPU
		{FD8CB3FB-D617-4B4A-8E7A-90228B6E380C}.Debug|Any CPU.ActiveCfg = Debug|Any CPU
		{FD8CB3FB-D617-4B4A-8E7A-90228B6E380C}.Debug|Any CPU.Build.0 = Debug|Any CPU
		{FD8CB3FB-D617-4B4A-8E7A-90228B6E380C}.Release|Any CPU.ActiveCfg = Release|Any CPU
		{FD8CB3FB-D617-4B4A-8E7A-90228B6E380C}.Release|Any CPU.Build.0 = Release|Any CPU
		{FD8CB3FB-D617-4B4A-8E7A-90228B6E380C}.Debug|iPhoneSimulator.ActiveCfg = Debug|Any CPU
		{FD8CB3FB-D617-4B4A-8E7A-90228B6E380C}.Debug|iPhoneSimulator.Build.0 = Debug|Any CPU
		{FD8CB3FB-D617-4B4A-8E7A-90228B6E380C}.Release|iPhoneSimulator.ActiveCfg = Release|Any CPU
		{FD8CB3FB-D617-4B4A-8E7A-90228B6E380C}.Release|iPhoneSimulator.Build.0 = Release|Any CPU
		{FD8CB3FB-D617-4B4A-8E7A-90228B6E380C}.Debug|iPhone.ActiveCfg = Debug|Any CPU
		{FD8CB3FB-D617-4B4A-8E7A-90228B6E380C}.Debug|iPhone.Build.0 = Debug|Any CPU
		{FD8CB3FB-D617-4B4A-8E7A-90228B6E380C}.Release|iPhone.ActiveCfg = Release|Any CPU
		{FD8CB3FB-D617-4B4A-8E7A-90228B6E380C}.Release|iPhone.Build.0 = Release|Any CPU
	EndGlobalSection
	GlobalSection(SolutionProperties) = preSolution
		HideSolutionNode = FALSE
	EndGlobalSection
	GlobalSection(ExtensibilityGlobals) = postSolution
		SolutionGuid = {07601BDC-13D0-4588-AA09-774AD3D36FB3}
	EndGlobalSection
	GlobalSection(MonoDevelopProperties) = preSolution
		Policies = $0
		$0.DotNetNamingPolicy = $1
		$1.DirectoryNamespaceAssociation = PrefixedHierarchical
		$0.StandardHeader = $2
		$0.VersionControlPolicy = $3
	EndGlobalSection
EndGlobal
