
Microsoft Visual Studio Solution File, Format Version 12.00
# Visual Studio 15
Project("{FAE04EC0-301F-11D3-BF4B-00C04F79EFBC}") = "EscapeRankUI.Android", "EscapeRankUI.Android\EscapeRankUI.Android.csproj", "{4F2B2C18-54F0-4473-8585-A82AECD8B189}"
EndProject
Project("{FAE04EC0-301F-11D3-BF4B-00C04F79EFBC}") = "EscapeRankUI.iOS", "EscapeRankUI.iOS\EscapeRankUI.iOS.csproj", "{0350E127-B12D-4CB9-BBBC-03E1A279A17E}"
EndProject
Project("{FAE04EC0-301F-11D3-BF4B-00C04F79EFBC}") = "EscapeRankUI", "EscapeRankUI\EscapeRankUI.csproj", "{11255315-92B6-4E9B-AB7A-7F7BB0CD44EA}"
EndProject
Global
	GlobalSection(SolutionConfigurationPlatforms) = preSolution
		Debug|Any CPU = Debug|Any CPU
		Release|Any CPU = Release|Any CPU
		Debug|iPhoneSimulator = Debug|iPhoneSimulator
		Release|iPhoneSimulator = Release|iPhoneSimulator
		Debug|iPhone = Debug|iPhone
		Release|iPhone = Release|iPhone
	EndGlobalSection
	GlobalSection(ProjectConfigurationPlatforms) = postSolution
		{4F2B2C18-54F0-4473-8585-A82AECD8B189}.Debug|Any CPU.ActiveCfg = Debug|Any CPU
		{4F2B2C18-54F0-4473-8585-A82AECD8B189}.Debug|Any CPU.Build.0 = Debug|Any CPU
		{4F2B2C18-54F0-4473-8585-A82AECD8B189}.Release|Any CPU.ActiveCfg = Release|Any CPU
		{4F2B2C18-54F0-4473-8585-A82AECD8B189}.Release|Any CPU.Build.0 = Release|Any CPU
		{4F2B2C18-54F0-4473-8585-A82AECD8B189}.Debug|iPhoneSimulator.ActiveCfg = Debug|Any CPU
		{4F2B2C18-54F0-4473-8585-A82AECD8B189}.Debug|iPhoneSimulator.Build.0 = Debug|Any CPU
		{4F2B2C18-54F0-4473-8585-A82AECD8B189}.Release|iPhoneSimulator.ActiveCfg = Release|Any CPU
		{4F2B2C18-54F0-4473-8585-A82AECD8B189}.Release|iPhoneSimulator.Build.0 = Release|Any CPU
		{4F2B2C18-54F0-4473-8585-A82AECD8B189}.Debug|iPhone.ActiveCfg = Debug|Any CPU
		{4F2B2C18-54F0-4473-8585-A82AECD8B189}.Debug|iPhone.Build.0 = Debug|Any CPU
		{4F2B2C18-54F0-4473-8585-A82AECD8B189}.Release|iPhone.ActiveCfg = Release|Any CPU
		{4F2B2C18-54F0-4473-8585-A82AECD8B189}.Release|iPhone.Build.0 = Release|Any CPU
		{0350E127-B12D-4CB9-BBBC-03E1A279A17E}.Debug|Any CPU.ActiveCfg = Debug|iPhoneSimulator
		{0350E127-B12D-4CB9-BBBC-03E1A279A17E}.Debug|Any CPU.Build.0 = Debug|iPhoneSimulator
		{0350E127-B12D-4CB9-BBBC-03E1A279A17E}.Release|Any CPU.ActiveCfg = Release|iPhoneSimulator
		{0350E127-B12D-4CB9-BBBC-03E1A279A17E}.Release|Any CPU.Build.0 = Release|iPhoneSimulator
		{0350E127-B12D-4CB9-BBBC-03E1A279A17E}.Debug|iPhoneSimulator.ActiveCfg = Debug|iPhoneSimulator
		{0350E127-B12D-4CB9-BBBC-03E1A279A17E}.Debug|iPhoneSimulator.Build.0 = Debug|iPhoneSimulator
		{0350E127-B12D-4CB9-BBBC-03E1A279A17E}.Release|iPhoneSimulator.ActiveCfg = Release|iPhoneSimulator
		{0350E127-B12D-4CB9-BBBC-03E1A279A17E}.Release|iPhoneSimulator.Build.0 = Release|iPhoneSimulator
		{0350E127-B12D-4CB9-BBBC-03E1A279A17E}.Debug|iPhone.ActiveCfg = Debug|iPhone
		{0350E127-B12D-4CB9-BBBC-03E1A279A17E}.Debug|iPhone.Build.0 = Debug|iPhone
		{0350E127-B12D-4CB9-BBBC-03E1A279A17E}.Release|iPhone.ActiveCfg = Release|iPhone
		{0350E127-B12D-4CB9-BBBC-03E1A279A17E}.Release|iPhone.Build.0 = Release|iPhone
		{11255315-92B6-4E9B-AB7A-7F7BB0CD44EA}.Debug|Any CPU.ActiveCfg = Debug|Any CPU
		{11255315-92B6-4E9B-AB7A-7F7BB0CD44EA}.Debug|Any CPU.Build.0 = Debug|Any CPU
		{11255315-92B6-4E9B-AB7A-7F7BB0CD44EA}.Release|Any CPU.ActiveCfg = Release|Any CPU
		{11255315-92B6-4E9B-AB7A-7F7BB0CD44EA}.Release|Any CPU.Build.0 = Release|Any CPU
		{11255315-92B6-4E9B-AB7A-7F7BB0CD44EA}.Debug|iPhoneSimulator.ActiveCfg = Debug|Any CPU
		{11255315-92B6-4E9B-AB7A-7F7BB0CD44EA}.Debug|iPhoneSimulator.Build.0 = Debug|Any CPU
		{11255315-92B6-4E9B-AB7A-7F7BB0CD44EA}.Release|iPhoneSimulator.ActiveCfg = Release|Any CPU
		{11255315-92B6-4E9B-AB7A-7F7BB0CD44EA}.Release|iPhoneSimulator.Build.0 = Release|Any CPU
		{11255315-92B6-4E9B-AB7A-7F7BB0CD44EA}.Debug|iPhone.ActiveCfg = Debug|Any CPU
		{11255315-92B6-4E9B-AB7A-7F7BB0CD44EA}.Debug|iPhone.Build.0 = Debug|Any CPU
		{11255315-92B6-4E9B-AB7A-7F7BB0CD44EA}.Release|iPhone.ActiveCfg = Release|Any CPU
		{11255315-92B6-4E9B-AB7A-7F7BB0CD44EA}.Release|iPhone.Build.0 = Release|Any CPU
	EndGlobalSection
EndGlobal
